{"1.2.0",
[{<<"barrel_mcp">>,{pkg,<<"barrel_mcp">>,<<"2.2.2">>},1},
 {<<"certifi">>,{pkg,<<"certifi">>,<<"2.17.0">>},2},
 {<<"gpb">>,{pkg,<<"gpb">>,<<"5.0.0">>},0},
 {<<"h1">>,{pkg,<<"erlang_h1">>,<<"0.6.2">>},1},
 {<<"h2">>,{pkg,<<"h2">>,<<"0.10.0">>},0},
 {<<"hackney">>,{pkg,<<"hackney">>,<<"4.3.0">>},1},
 {<<"idna">>,{pkg,<<"idna">>,<<"7.1.0">>},2},
 {<<"instrument">>,{pkg,<<"instrument">>,<<"1.1.3">>},1},
 {<<"mimerl">>,{pkg,<<"mimerl">>,<<"1.5.0">>},1},
 {<<"parse_trans">>,{pkg,<<"parse_trans">>,<<"3.4.2">>},2},
 {<<"quic">>,{pkg,<<"quic">>,<<"1.6.5">>},1},
 {<<"ssl_verify_fun">>,{pkg,<<"ssl_verify_fun">>,<<"1.1.7">>},2},
 {<<"webtransport">>,{pkg,<<"webtransport">>,<<"0.4.0">>},1},
 {<<"ws">>,{pkg,<<"erlang_ws">>,<<"0.3.0">>},1}]}.
[
{pkg_hash,[
 {<<"barrel_mcp">>, <<"EBB5A3A15A55ECB36D0857B05B2080C376B5806242822208FFFEDFC561F535DC">>},
 {<<"certifi">>, <<"835748414307E15E05B17D0E518190228CE648B08D569A5CC93A85A40F3E5C9B">>},
 {<<"gpb">>, <<"B73CD66822C16E8155B7E3BC707150BD429F91322C1EA5A0BD027BFEDAFB0BB9">>},
 {<<"h1">>, <<"35401E355F0B3068CF41E1A5633CB7105955716A15F2F0D1D5DB66DAFB45D58C">>},
 {<<"h2">>, <<"594555A8E9CBCB7E6A5490C635756DBE3A31E0C79351A9245AE2AE1C21F60F8D">>},
 {<<"hackney">>, <<"9D61FA85360EA263042DB2FA82BC0CBABD413E4191AC314BE43D19B9A94FD69D">>},
 {<<"idna">>, <<"1067A13043538129602D2F2CE6899D8713125C7D19734AA557CE2E3EA55BD4F1">>},
 {<<"instrument">>, <<"2B2E25672E7F24B31AC5FA64B21D00490B8EE96F5365B73E7904470517CB78DC">>},
 {<<"mimerl">>, <<"F35ACA6F23242339B3666E0AC0702379E362B469D0AEA167F6CC713547E777ED">>},
 {<<"parse_trans">>, <<"C352DDC1A0D5E54F9B1654D45F9C432EEF76F9CEA371C55DDFF769EF688FDB74">>},
 {<<"quic">>, <<"28B7D49C1732B2DE3861701BB03AE7798537240552370AC49F0D139D2EA8F621">>},
 {<<"ssl_verify_fun">>, <<"354C321CF377240C7B8716899E182CE4890C5938111A1296ADD3EC74CF1715DF">>},
 {<<"webtransport">>, <<"498776FDA98CC6EE6A24C4D7EB9B6E6A0DF12D075979BC6081EB873A1078DAD4">>},
 {<<"ws">>, <<"6778E82A478FF6D205C14E5F17883447CF8BF4919E2C4F811FE3BE263635E37D">>}]},
{pkg_hash_ext,[
 {<<"barrel_mcp">>, <<"03F1E6DECE689BEF7E31F6DAB23D6362F2CE7E5DDCB776FD04C3C0D2C29588F9">>},
 {<<"certifi">>, <<"8122798A17F0293C80DAADA25D0F81C7F4D708C73FEF782C7C9B1950E26E4D21">>},
 {<<"gpb">>, <<"4AE10A4591B01F086CA759066CAA6BC8D41EEB3C9C94A3EEAFF429DB95388677">>},
 {<<"h1">>, <<"F2055964E01E5A1F8E31601DA6EF91C052C56B14C364CC7C3763A1237221D365">>},
 {<<"h2">>, <<"579833C95068C3319792F93585EBC6216EF8CF20B7D22A809396AE563B8CB876">>},
 {<<"hackney">>, <<"07269063D31F7580118FC725DA06B2B3EF4D9B731A09731072DBC02620274B9F">>},
 {<<"idna">>, <<"6AE959A025BF36DF61A8CAB8508D9654891B5426A84C44D82DEAFFD6DDF8C71F">>},
 {<<"instrument">>, <<"2CEB6D54E9AD2705B843FA203D74027C23518F6CAC2499746A8792D0BD5513DA">>},
 {<<"mimerl">>, <<"DB648CE065BAE14EA84CA8B5DD123F42F49417CEF693541110BF6F9E9BE9ECC4">>},
 {<<"parse_trans">>, <<"4C25347DE3B7C35732D32E69AB43D1CEEE0BEAE3F3B3ADE1B59CBD3DD224D9CA">>},
 {<<"quic">>, <<"DE1A88972C33201A50D1A17C8C4A14528BD1D8F25EF705897D680AE312D0AA78">>},
 {<<"ssl_verify_fun">>, <<"FE4C190E8F37401D30167C8C405EDA19469F34577987C76DDE613E838BBC67F8">>},
 {<<"webtransport">>, <<"6E89FE1A146D5ED37B08D82CEEBE48D73042A299AB2D0DF55FCA56F05EE3980C">>},
 {<<"ws">>, <<"4F6FA9DFBDB49D27B6407F7ED5EA34F09499892079A9E5BED7389E352FFC80C5">>}]}
].
